{
  "nodes": {
    "crane": {
      "locked": {
        "lastModified": 1742394900,
        "narHash": "sha256-vVOAp9ahvnU+fQoKd4SEXB2JG2wbENkpqcwlkIXgUC0=",
        "owner": "ipetkov",
        "repo": "crane",
        "rev": "70947c1908108c0c551ddfd73d4f750ff2ea67cd",
        "type": "github"
      },
      "original": {
        "owner": "ipetkov",
        "repo": "crane",
        "type": "github"
      }
    },
    "nixpkgs": {
      "locked": {
        "lastModified": 1743315132,
        "narHash": "sha256-6hl6L/tRnwubHcA4pfUUtk542wn2Om+D4UnDhlDW9BE=",
        "owner": "nixos",
        "repo": "nixpkgs",
        "rev": "52faf482a3889b7619003c0daec593a1912fddc1",
        "type": "github"
      },
      "original": {
        "owner": "nixos",
        "ref": "nixos-unstable",
        "repo": "nixpkgs",
        "type": "github"
      }
    },
    "root": {
      "inputs": {
        "crane": "crane",
        "nixpkgs": "nixpkgs",
        "rust-overlay": "rust-overlay"
      }
    },
    "rust-overlay": {
      "inputs": {
        "nixpkgs": [
          "nixpkgs"
        ]
      },
      "locked": {
        "lastModified": 1743302122,
        "narHash": "sha256-VWyaUfBY49kjN29N140INa9LEW0YIgAr+OEJRdbKfnQ=",
        "owner": "oxalica",
        "repo": "rust-overlay",
        "rev": "15c2a7930e04efc87be3ebf1b5d06232e635e24b",
        "type": "github"
      },
      "original": {
        "owner": "oxalica",
        "repo": "rust-overlay",
        "type": "github"
      }
    }
  },
  "root": "root",
  "version": 7
}
