{
  "nodes": {
    "crane": {
      "locked": {
        "lastModified": 1736566337,
        "narHash": "sha256-SC0eDcZPqISVt6R0UfGPyQLrI0+BppjjtQ3wcSlk0oI=",
        "owner": "ipetkov",
        "repo": "crane",
        "rev": "9172acc1ee6c7e1cbafc3044ff850c568c75a5a3",
        "type": "github"
      },
      "original": {
        "owner": "ipetkov",
        "repo": "crane",
        "type": "github"
      }
    },
    "nixpkgs": {
      "locked": {
        "lastModified": 1736523798,
        "narHash": "sha256-Xb8mke6UCYjge9kPR9o4P1nVrhk7QBbKv3xQ9cj7h2s=",
        "owner": "nixos",
        "repo": "nixpkgs",
        "rev": "130595eba61081acde9001f43de3248d8888ac4a",
        "type": "github"
      },
      "original": {
        "owner": "nixos",
        "ref": "nixos-unstable",
        "repo": "nixpkgs",
        "type": "github"
      }
    },
    "root": {
      "inputs": {
        "crane": "crane",
        "nixpkgs": "nixpkgs",
        "rust-overlay": "rust-overlay"
      }
    },
    "rust-overlay": {
      "inputs": {
        "nixpkgs": [
          "nixpkgs"
        ]
      },
      "locked": {
        "lastModified": 1736700680,
        "narHash": "sha256-9gmWIb8xsycWHEYpd2SiVIAZnUULX6Y+IMMZBcDUCQU=",
        "owner": "oxalica",
        "repo": "rust-overlay",
        "rev": "5d1865c0da63b4c949f383d982b6b43519946e8f",
        "type": "github"
      },
      "original": {
        "owner": "oxalica",
        "repo": "rust-overlay",
        "type": "github"
      }
    }
  },
  "root": "root",
  "version": 7
}
